// !$*UTF8*$!
{
	archiveVersion = 1;
	classes = {
	};
	objectVersion = 55;
	objects = {

/* Begin PBXBuildFile section */
		CC2DD5A0477CE7FD6D4F7616 /* Pods_AppMateDemo.framework in Frameworks */ = {isa = PBXBuildFile; fileRef = FBCBD68E2BE59EBEAB534364 /* Pods_AppMateDemo.framework */; };
		FC27427C2856202800FC8DF2 /* PurchasesViewController.swift in Sources */ = {isa = PBXBuildFile; fileRef = FC27427B2856202800FC8DF2 /* PurchasesViewController.swift */; };
		FC27427E2856213900FC8DF2 /* PurchaseDetailsViewController.swift in Sources */ = {isa = PBXBuildFile; fileRef = FC27427D2856213900FC8DF2 /* PurchaseDetailsViewController.swift */; };
		FCCBFFDA27B671BC00A356A4 /* AppDelegate.swift in Sources */ = {isa = PBXBuildFile; fileRef = FCCBFFD927B671BC00A356A4 /* AppDelegate.swift */; };
		FCCBFFDC27B671BC00A356A4 /* SceneDelegate.swift in Sources */ = {isa = PBXBuildFile; fileRef = FCCBFFDB27B671BC00A356A4 /* SceneDelegate.swift */; };
		FCCBFFDE27B671BC00A356A4 /* ViewController.swift in Sources */ = {isa = PBXBuildFile; fileRef = FCCBFFDD27B671BC00A356A4 /* ViewController.swift */; };
		FCCBFFE127B671BC00A356A4 /* Main.storyboard in Resources */ = {isa = PBXBuildFile; fileRef = FCCBFFDF27B671BC00A356A4 /* Main.storyboard */; };
		FCCBFFE327B671BD00A356A4 /* Assets.xcassets in Resources */ = {isa = PBXBuildFile; fileRef = FCCBFFE227B671BD00A356A4 /* Assets.xcassets */; };
		FCCBFFE627B671BD00A356A4 /* LaunchScreen.storyboard in Resources */ = {isa = PBXBuildFile; fileRef = FCCBFFE427B671BD00A356A4 /* LaunchScreen.storyboard */; };
		FCDD56F627C6C55000CEC07C /* StoreKit.framework in Frameworks */ = {isa = PBXBuildFile; fileRef = FCDD56F527C6C55000CEC07C /* StoreKit.framework */; };
		FCF1B64F27C55E6B00688AFD /* DetailsViewController.swift in Sources */ = {isa = PBXBuildFile; fileRef = FCF1B64E27C55E6B00688AFD /* DetailsViewController.swift */; };
/* End PBXBuildFile section */

/* Begin PBXFileReference section */
		008E7DE9A44DBA6D1DD2FB18 /* Pods-AppMateDemo.debug.xcconfig */ = {isa = PBXFileReference; includeInIndex = 1; lastKnownFileType = text.xcconfig; name = "Pods-AppMateDemo.debug.xcconfig"; path = "Target Support Files/Pods-AppMateDemo/Pods-AppMateDemo.debug.xcconfig"; sourceTree = "<group>"; };
		9D4EEC2770C327648089A3D1 /* Pods-AppMateDemo.release.xcconfig */ = {isa = PBXFileReference; includeInIndex = 1; lastKnownFileType = text.xcconfig; name = "Pods-AppMateDemo.release.xcconfig"; path = "Target Support Files/Pods-AppMateDemo/Pods-AppMateDemo.release.xcconfig"; sourceTree = "<group>"; };
		FBCBD68E2BE59EBEAB534364 /* Pods_AppMateDemo.framework */ = {isa = PBXFileReference; explicitFileType = wrapper.framework; includeInIndex = 0; path = Pods_AppMateDemo.framework; sourceTree = BUILT_PRODUCTS_DIR; };
		FC27427B2856202800FC8DF2 /* PurchasesViewController.swift */ = {isa = PBXFileReference; lastKnownFileType = sourcecode.swift; path = PurchasesViewController.swift; sourceTree = "<group>"; };
		FC27427D2856213900FC8DF2 /* PurchaseDetailsViewController.swift */ = {isa = PBXFileReference; lastKnownFileType = sourcecode.swift; path = PurchaseDetailsViewController.swift; sourceTree = "<group>"; };
		FCCBFFD627B671BC00A356A4 /* AppMateDemo.app */ = {isa = PBXFileReference; explicitFileType = wrapper.application; includeInIndex = 0; path = AppMateDemo.app; sourceTree = BUILT_PRODUCTS_DIR; };
		FCCBFFD927B671BC00A356A4 /* AppDelegate.swift */ = {isa = PBXFileReference; lastKnownFileType = sourcecode.swift; path = AppDelegate.swift; sourceTree = "<group>"; };
		FCCBFFDB27B671BC00A356A4 /* SceneDelegate.swift */ = {isa = PBXFileReference; lastKnownFileType = sourcecode.swift; path = SceneDelegate.swift; sourceTree = "<group>"; };
		FCCBFFDD27B671BC00A356A4 /* ViewController.swift */ = {isa = PBXFileReference; lastKnownFileType = sourcecode.swift; path = ViewController.swift; sourceTree = "<group>"; };
		FCCBFFE027B671BC00A356A4 /* Base */ = {isa = PBXFileReference; lastKnownFileType = file.storyboard; name = Base; path = Base.lproj/Main.storyboard; sourceTree = "<group>"; };
		FCCBFFE227B671BD00A356A4 /* Assets.xcassets */ = {isa = PBXFileReference; lastKnownFileType = folder.assetcatalog; path = Assets.xcassets; sourceTree = "<group>"; };
		FCCBFFE527B671BD00A356A4 /* Base */ = {isa = PBXFileReference; lastKnownFileType = file.storyboard; name = Base; path = Base.lproj/LaunchScreen.storyboard; sourceTree = "<group>"; };
		FCCBFFE727B671BD00A356A4 /* Info.plist */ = {isa = PBXFileReference; lastKnownFileType = text.plist.xml; path = Info.plist; sourceTree = "<group>"; };
		FCDD56F527C6C55000CEC07C /* StoreKit.framework */ = {isa = PBXFileReference; lastKnownFileType = wrapper.framework; name = StoreKit.framework; path = System/Library/Frameworks/StoreKit.framework; sourceTree = SDKROOT; };
		FCF1B64E27C55E6B00688AFD /* DetailsViewController.swift */ = {isa = PBXFileReference; lastKnownFileType = sourcecode.swift; path = DetailsViewController.swift; sourceTree = "<group>"; };
/* End PBXFileReference section */

/* Begin PBXFrameworksBuildPhase section */
		FCCBFFD327B671BC00A356A4 /* Frameworks */ = {
			isa = PBXFrameworksBuildPhase;
			buildActionMask = 2147483647;
			files = (
				CC2DD5A0477CE7FD6D4F7616 /* Pods_AppMateDemo.framework in Frameworks */,
				FCDD56F627C6C55000CEC07C /* StoreKit.framework in Frameworks */,
			);
			runOnlyForDeploymentPostprocessing = 0;
		};
/* End PBXFrameworksBuildPhase section */

/* Begin PBXGroup section */
		2FA1F0E3CC615B7145AD230A /* Frameworks */ = {
			isa = PBXGroup;
			children = (
				FCDD56F527C6C55000CEC07C /* StoreKit.framework */,
				FBCBD68E2BE59EBEAB534364 /* Pods_AppMateDemo.framework */,
			);
			name = Frameworks;
			sourceTree = "<group>";
		};
		604F911E40E4EF747A64AF37 /* Pods */ = {
			isa = PBXGroup;
			children = (
				008E7DE9A44DBA6D1DD2FB18 /* Pods-AppMateDemo.debug.xcconfig */,
				9D4EEC2770C327648089A3D1 /* Pods-AppMateDemo.release.xcconfig */,
			);
			path = Pods;
			sourceTree = "<group>";
		};
		FCCBFFCD27B671BC00A356A4 = {
			isa = PBXGroup;
			children = (
				FCCBFFD827B671BC00A356A4 /* AppMateDemo */,
				FCCBFFD727B671BC00A356A4 /* Products */,
				604F911E40E4EF747A64AF37 /* Pods */,
				2FA1F0E3CC615B7145AD230A /* Frameworks */,
			);
			sourceTree = "<group>";
		};
		FCCBFFD727B671BC00A356A4 /* Products */ = {
			isa = PBXGroup;
			children = (
				FCCBFFD627B671BC00A356A4 /* AppMateDemo.app */,
			);
			name = Products;
			sourceTree = "<group>";
		};
		FCCBFFD827B671BC00A356A4 /* AppMateDemo */ = {
			isa = PBXGroup;
			children = (
				FCCBFFD927B671BC00A356A4 /* AppDelegate.swift */,
				FCCBFFDB27B671BC00A356A4 /* SceneDelegate.swift */,
				FCCBFFDD27B671BC00A356A4 /* ViewController.swift */,
				FCF1B64E27C55E6B00688AFD /* DetailsViewController.swift */,
				FC27427B2856202800FC8DF2 /* PurchasesViewController.swift */,
				FC27427D2856213900FC8DF2 /* PurchaseDetailsViewController.swift */,
				FCCBFFDF27B671BC00A356A4 /* Main.storyboard */,
				FCCBFFE227B671BD00A356A4 /* Assets.xcassets */,
				FCCBFFE427B671BD00A356A4 /* LaunchScreen.storyboard */,
				FCCBFFE727B671BD00A356A4 /* Info.plist */,
			);
			path = AppMateDemo;
			sourceTree = "<group>";
		};
/* End PBXGroup section */

/* Begin PBXNativeTarget section */
		FCCBFFD527B671BC00A356A4 /* AppMateDemo */ = {
			isa = PBXNativeTarget;
			buildConfigurationList = FCCBFFEA27B671BD00A356A4 /* Build configuration list for PBXNativeTarget "AppMateDemo" */;
			buildPhases = (
				03BAFA82B98916B98DD37744 /* [CP] Check Pods Manifest.lock */,
				FCCBFFD227B671BC00A356A4 /* Sources */,
				FCCBFFD327B671BC00A356A4 /* Frameworks */,
				FCCBFFD427B671BC00A356A4 /* Resources */,
				2A0B36962538087C887611C6 /* [CP] Embed Pods Frameworks */,
			);
			buildRules = (
			);
			dependencies = (
			);
			name = AppMateDemo;
			productName = AppMateDemo;
			productReference = FCCBFFD627B671BC00A356A4 /* AppMateDemo.app */;
			productType = "com.apple.product-type.application";
		};
/* End PBXNativeTarget section */

/* Begin PBXProject section */
		FCCBFFCE27B671BC00A356A4 /* Project object */ = {
			isa = PBXProject;
			attributes = {
				BuildIndependentTargetsInParallel = 1;
				LastSwiftUpdateCheck = 1300;
				LastUpgradeCheck = 1300;
				TargetAttributes = {
					FCCBFFD527B671BC00A356A4 = {
						CreatedOnToolsVersion = 13.0;
					};
				};
			};
			buildConfigurationList = FCCBFFD127B671BC00A356A4 /* Build configuration list for PBXProject "AppMateDemo" */;
			compatibilityVersion = "Xcode 13.0";
			developmentRegion = en;
			hasScannedForEncodings = 0;
			knownRegions = (
				en,
				Base,
			);
			mainGroup = FCCBFFCD27B671BC00A356A4;
			productRefGroup = FCCBFFD727B671BC00A356A4 /* Products */;
			projectDirPath = "";
			projectRoot = "";
			targets = (
				FCCBFFD527B671BC00A356A4 /* AppMateDemo */,
			);
		};
/* End PBXProject section */

/* Begin PBXResourcesBuildPhase section */
		FCCBFFD427B671BC00A356A4 /* Resources */ = {
			isa = PBXResourcesBuildPhase;
			buildActionMask = 2147483647;
			files = (
				FCCBFFE627B671BD00A356A4 /* LaunchScreen.storyboard in Resources */,
				FCCBFFE327B671BD00A356A4 /* Assets.xcassets in Resources */,
				FCCBFFE127B671BC00A356A4 /* Main.storyboard in Resources */,
			);
			runOnlyForDeploymentPostprocessing = 0;
		};
/* End PBXResourcesBuildPhase section */

/* Begin PBXShellScriptBuildPhase section */
		03BAFA82B98916B98DD37744 /* [CP] Check Pods Manifest.lock */ = {
			isa = PBXShellScriptBuildPhase;
			buildActionMask = 2147483647;
			files = (
			);
			inputFileListPaths = (
			);
			inputPaths = (
				"${PODS_PODFILE_DIR_PATH}/Podfile.lock",
				"${PODS_ROOT}/Manifest.lock",
			);
			name = "[CP] Check Pods Manifest.lock";
			outputFileListPaths = (
			);
			outputPaths = (
				"$(DERIVED_FILE_DIR)/Pods-AppMateDemo-checkManifestLockResult.txt",
			);
			runOnlyForDeploymentPostprocessing = 0;
			shellPath = /bin/sh;
			shellScript = "diff \"${PODS_PODFILE_DIR_PATH}/Podfile.lock\" \"${PODS_ROOT}/Manifest.lock\" > /dev/null\nif [ $? != 0 ] ; then\n    # print error to STDERR\n    echo \"error: The sandbox is not in sync with the Podfile.lock. Run 'pod install' or update your CocoaPods installation.\" >&2\n    exit 1\nfi\n# This output is used by Xcode 'outputs' to avoid re-running this script phase.\necho \"SUCCESS\" > \"${SCRIPT_OUTPUT_FILE_0}\"\n";
			showEnvVarsInLog = 0;
		};
		2A0B36962538087C887611C6 /* [CP] Embed Pods Frameworks */ = {
			isa = PBXShellScriptBuildPhase;
			buildActionMask = 2147483647;
			files = (
			);
			inputFileListPaths = (
				"${PODS_ROOT}/Target Support Files/Pods-AppMateDemo/Pods-AppMateDemo-frameworks-${CONFIGURATION}-input-files.xcfilelist",
			);
			name = "[CP] Embed Pods Frameworks";
			outputFileListPaths = (
				"${PODS_ROOT}/Target Support Files/Pods-AppMateDemo/Pods-AppMateDemo-frameworks-${CONFIGURATION}-output-files.xcfilelist",
			);
			runOnlyForDeploymentPostprocessing = 0;
			shellPath = /bin/sh;
			shellScript = "\"${PODS_ROOT}/Target Support Files/Pods-AppMateDemo/Pods-AppMateDemo-frameworks.sh\"\n";
			showEnvVarsInLog = 0;
		};
/* End PBXShellScriptBuildPhase section */

/* Begin PBXSourcesBuildPhase section */
		FCCBFFD227B671BC00A356A4 /* Sources */ = {
			isa = PBXSourcesBuildPhase;
			buildActionMask = 2147483647;
			files = (
				FCCBFFDE27B671BC00A356A4 /* ViewController.swift in Sources */,
				FCCBFFDA27B671BC00A356A4 /* AppDelegate.swift in Sources */,
				FC27427C2856202800FC8DF2 /* PurchasesViewController.swift in Sources */,
				FCCBFFDC27B671BC00A356A4 /* SceneDelegate.swift in Sources */,
				FC27427E2856213900FC8DF2 /* PurchaseDetailsViewController.swift in Sources */,
				FCF1B64F27C55E6B00688AFD /* DetailsViewController.swift in Sources */,
			);
			runOnlyForDeploymentPostprocessing = 0;
		};
/* End PBXSourcesBuildPhase section */

/* Begin PBXVariantGroup section */
		FCCBFFDF27B671BC00A356A4 /* Main.storyboard */ = {
			isa = PBXVariantGroup;
			children = (
				FCCBFFE027B671BC00A356A4 /* Base */,
			);
			name = Main.storyboard;
			sourceTree = "<group>";
		};
		FCCBFFE427B671BD00A356A4 /* LaunchScreen.storyboard */ = {
			isa = PBXVariantGroup;
			children = (
				FCCBFFE527B671BD00A356A4 /* Base */,
			);
			name = LaunchScreen.storyboard;
			sourceTree = "<group>";
		};
/* End PBXVariantGroup section */

/* Begin XCBuildConfiguration section */
		FCCBFFE827B671BD00A356A4 /* Debug */ = {
			isa = XCBuildConfiguration;
			buildSettings = {
				ALWAYS_SEARCH_USER_PATHS = NO;
				CLANG_ANALYZER_NONNULL = YES;
				CLANG_ANALYZER_NUMBER_OBJECT_CONVERSION = YES_AGGRESSIVE;
				CLANG_CXX_LANGUAGE_STANDARD = "gnu++17";
				CLANG_CXX_LIBRARY = "libc++";
				CLANG_ENABLE_MODULES = YES;
				CLANG_ENABLE_OBJC_ARC = YES;
				CLANG_ENABLE_OBJC_WEAK = YES;
				CLANG_WARN_BLOCK_CAPTURE_AUTORELEASING = YES;
				CLANG_WARN_BOOL_CONVERSION = YES;
				CLANG_WARN_COMMA = YES;
				CLANG_WARN_CONSTANT_CONVERSION = YES;
				CLANG_WARN_DEPRECATED_OBJC_IMPLEMENTATIONS = YES;
				CLANG_WARN_DIRECT_OBJC_ISA_USAGE = YES_ERROR;
				CLANG_WARN_DOCUMENTATION_COMMENTS = YES;
				CLANG_WARN_EMPTY_BODY = YES;
				CLANG_WARN_ENUM_CONVERSION = YES;
				CLANG_WARN_INFINITE_RECURSION = YES;
				CLANG_WARN_INT_CONVERSION = YES;
				CLANG_WARN_NON_LITERAL_NULL_CONVERSION = YES;
				CLANG_WARN_OBJC_IMPLICIT_RETAIN_SELF = YES;
				CLANG_WARN_OBJC_LITERAL_CONVERSION = YES;
				CLANG_WARN_OBJC_ROOT_CLASS = YES_ERROR;
				CLANG_WARN_QUOTED_INCLUDE_IN_FRAMEWORK_HEADER = YES;
				CLANG_WARN_RANGE_LOOP_ANALYSIS = YES;
				CLANG_WARN_STRICT_PROTOTYPES = YES;
				CLANG_WARN_SUSPICIOUS_MOVE = YES;
				CLANG_WARN_UNGUARDED_AVAILABILITY = YES_AGGRESSIVE;
				CLANG_WARN_UNREACHABLE_CODE = YES;
				CLANG_WARN__DUPLICATE_METHOD_MATCH = YES;
				COPY_PHASE_STRIP = NO;
				DEBUG_INFORMATION_FORMAT = dwarf;
				ENABLE_STRICT_OBJC_MSGSEND = YES;
				ENABLE_TESTABILITY = YES;
				GCC_C_LANGUAGE_STANDARD = gnu11;
				GCC_DYNAMIC_NO_PIC = NO;
				GCC_NO_COMMON_BLOCKS = YES;
				GCC_OPTIMIZATION_LEVEL = 0;
				GCC_PREPROCESSOR_DEFINITIONS = (
					"DEBUG=1",
					"$(inherited)",
				);
				GCC_WARN_64_TO_32_BIT_CONVERSION = YES;
				GCC_WARN_ABOUT_RETURN_TYPE = YES_ERROR;
				GCC_WARN_UNDECLARED_SELECTOR = YES;
				GCC_WARN_UNINITIALIZED_AUTOS = YES_AGGRESSIVE;
				GCC_WARN_UNUSED_FUNCTION = YES;
				GCC_WARN_UNUSED_VARIABLE = YES;
				IPHONEOS_DEPLOYMENT_TARGET = 15.0;
				MTL_ENABLE_DEBUG_INFO = INCLUDE_SOURCE;
				MTL_FAST_MATH = YES;
				ONLY_ACTIVE_ARCH = YES;
				SDKROOT = iphoneos;
				SWIFT_ACTIVE_COMPILATION_CONDITIONS = DEBUG;
				SWIFT_OPTIMIZATION_LEVEL = "-Onone";
			};
			name = Debug;
		};
		FCCBFFE927B671BD00A356A4 /* Release */ = {
			isa = XCBuildConfiguration;
			buildSettings = {
				ALWAYS_SEARCH_USER_PATHS = NO;
				CLANG_ANALYZER_NONNULL = YES;
				CLANG_ANALYZER_NUMBER_OBJECT_CONVERSION = YES_AGGRESSIVE;
				CLANG_CXX_LANGUAGE_STANDARD = "gnu++17";
				CLANG_CXX_LIBRARY = "libc++";
				CLANG_ENABLE_MODULES = YES;
				CLANG_ENABLE_OBJC_ARC = YES;
				CLANG_ENABLE_OBJC_WEAK = YES;
				CLANG_WARN_BLOCK_CAPTURE_AUTORELEASING = YES;
				CLANG_WARN_BOOL_CONVERSION = YES;
				CLANG_WARN_COMMA = YES;
				CLANG_WARN_CONSTANT_CONVERSION = YES;
				CLANG_WARN_DEPRECATED_OBJC_IMPLEMENTATIONS = YES;
				CLANG_WARN_DIRECT_OBJC_ISA_USAGE = YES_ERROR;
				CLANG_WARN_DOCUMENTATION_COMMENTS = YES;
				CLANG_WARN_EMPTY_BODY = YES;
				CLANG_WARN_ENUM_CONVERSION = YES;
				CLANG_WARN_INFINITE_RECURSION = YES;
				CLANG_WARN_INT_CONVERSION = YES;
				CLANG_WARN_NON_LITERAL_NULL_CONVERSION = YES;
				CLANG_WARN_OBJC_IMPLICIT_RETAIN_SELF = YES;
				CLANG_WARN_OBJC_LITERAL_CONVERSION = YES;
				CLANG_WARN_OBJC_ROOT_CLASS = YES_ERROR;
				CLANG_WARN_QUOTED_INCLUDE_IN_FRAMEWORK_HEADER = YES;
				CLANG_WARN_RANGE_LOOP_ANALYSIS = YES;
				CLANG_WARN_STRICT_PROTOTYPES = YES;
				CLANG_WARN_SUSPICIOUS_MOVE = YES;
				CLANG_WARN_UNGUARDED_AVAILABILITY = YES_AGGRESSIVE;
				CLANG_WARN_UNREACHABLE_CODE = YES;
				CLANG_WARN__DUPLICATE_METHOD_MATCH = YES;
				COPY_PHASE_STRIP = NO;
				DEBUG_INFORMATION_FORMAT = "dwarf-with-dsym";
				ENABLE_NS_ASSERTIONS = NO;
				ENABLE_STRICT_OBJC_MSGSEND = YES;
				GCC_C_LANGUAGE_STANDARD = gnu11;
				GCC_NO_COMMON_BLOCKS = YES;
				GCC_WARN_64_TO_32_BIT_CONVERSION = YES;
				GCC_WARN_ABOUT_RETURN_TYPE = YES_ERROR;
				GCC_WARN_UNDECLARED_SELECTOR = YES;
				GCC_WARN_UNINITIALIZED_AUTOS = YES_AGGRESSIVE;
				GCC_WARN_UNUSED_FUNCTION = YES;
				GCC_WARN_UNUSED_VARIABLE = YES;
				IPHONEOS_DEPLOYMENT_TARGET = 15.0;
				MTL_ENABLE_DEBUG_INFO = NO;
				MTL_FAST_MATH = YES;
				SDKROOT = iphoneos;
				SWIFT_COMPILATION_MODE = wholemodule;
				SWIFT_OPTIMIZATION_LEVEL = "-O";
				VALIDATE_PRODUCT = YES;
			};
			name = Release;
		};
		FCCBFFEB27B671BD00A356A4 /* Debug */ = {
			isa = XCBuildConfiguration;
			baseConfigurationReference = 008E7DE9A44DBA6D1DD2FB18 /* Pods-AppMateDemo.debug.xcconfig */;
			buildSettings = {
				ASSETCATALOG_COMPILER_APPICON_NAME = AppIcon;
				ASSETCATALOG_COMPILER_GLOBAL_ACCENT_COLOR_NAME = AccentColor;
				CODE_SIGN_STYLE = Automatic;
				CURRENT_PROJECT_VERSION = 3;
				DEVELOPMENT_TEAM = 7SH627DBA4;
				GENERATE_INFOPLIST_FILE = YES;
				INFOPLIST_FILE = AppMateDemo/Info.plist;
				INFOPLIST_KEY_UIApplicationSupportsIndirectInputEvents = YES;
				INFOPLIST_KEY_UILaunchStoryboardName = LaunchScreen;
				INFOPLIST_KEY_UIMainStoryboardFile = Main;
				INFOPLIST_KEY_UISupportedInterfaceOrientations_iPad = "UIInterfaceOrientationPortrait UIInterfaceOrientationPortraitUpsideDown UIInterfaceOrientationLandscapeLeft UIInterfaceOrientationLandscapeRight";
				INFOPLIST_KEY_UISupportedInterfaceOrientations_iPhone = "UIInterfaceOrientationPortrait UIInterfaceOrientationLandscapeLeft UIInterfaceOrientationLandscapeRight";
				IPHONEOS_DEPLOYMENT_TARGET = 14.7;
				LD_RUNPATH_SEARCH_PATHS = (
					"$(inherited)",
					"@executable_path/Frameworks",
				);
				MARKETING_VERSION = 1.3;
				PRODUCT_BUNDLE_IDENTIFIER = com.atilsamancioglu.AppTest;
				PRODUCT_NAME = "$(TARGET_NAME)";
				SWIFT_EMIT_LOC_STRINGS = YES;
				SWIFT_VERSION = 5.0;
				TARGETED_DEVICE_FAMILY = "1,2";
			};
			name = Debug;
		};
		FCCBFFEC27B671BD00A356A4 /* Release */ = {
			isa = XCBuildConfiguration;
			baseConfigurationReference = 9D4EEC2770C327648089A3D1 /* Pods-AppMateDemo.release.xcconfig */;
			buildSettings = {
				ASSETCATALOG_COMPILER_APPICON_NAME = AppIcon;
				ASSETCATALOG_COMPILER_GLOBAL_ACCENT_COLOR_NAME = AccentColor;
				CODE_SIGN_STYLE = Automatic;
				CURRENT_PROJECT_VERSION = 3;
				DEVELOPMENT_TEAM = 7SH627DBA4;
				GENERATE_INFOPLIST_FILE = YES;
				INFOPLIST_FILE = AppMateDemo/Info.plist;
				INFOPLIST_KEY_UIApplicationSupportsIndirectInputEvents = YES;
				INFOPLIST_KEY_UILaunchStoryboardName = LaunchScreen;
				INFOPLIST_KEY_UIMainStoryboardFile = Main;
				INFOPLIST_KEY_UISupportedInterfaceOrientations_iPad = "UIInterfaceOrientationPortrait UIInterfaceOrientationPortraitUpsideDown UIInterfaceOrientationLandscapeLeft UIInterfaceOrientationLandscapeRight";
				INFOPLIST_KEY_UISupportedInterfaceOrientations_iPhone = "UIInterfaceOrientationPortrait UIInterfaceOrientationLandscapeLeft UIInterfaceOrientationLandscapeRight";
				IPHONEOS_DEPLOYMENT_TARGET = 14.7;
				LD_RUNPATH_SEARCH_PATHS = (
					"$(inherited)",
					"@executable_path/Frameworks",
				);
				MARKETING_VERSION = 1.3;
				PRODUCT_BUNDLE_IDENTIFIER = com.atilsamancioglu.AppTest;
				PRODUCT_NAME = "$(TARGET_NAME)";
				SWIFT_EMIT_LOC_STRINGS = YES;
				SWIFT_VERSION = 5.0;
				TARGETED_DEVICE_FAMILY = "1,2";
			};
			name = Release;
		};
/* End XCBuildConfiguration section */

/* Begin XCConfigurationList section */
		FCCBFFD127B671BC00A356A4 /* Build configuration list for PBXProject "AppMateDemo" */ = {
			isa = XCConfigurationList;
			buildConfigurations = (
				FCCBFFE827B671BD00A356A4 /* Debug */,
				FCCBFFE927B671BD00A356A4 /* Release */,
			);
			defaultConfigurationIsVisible = 0;
			defaultConfigurationName = Release;
		};
		FCCBFFEA27B671BD00A356A4 /* Build configuration list for PBXNativeTarget "AppMateDemo" */ = {
			isa = XCConfigurationList;
			buildConfigurations = (
				FCCBFFEB27B671BD00A356A4 /* Debug */,
				FCCBFFEC27B671BD00A356A4 /* Release */,
			);
			defaultConfigurationIsVisible = 0;
			defaultConfigurationName = Release;
		};
/* End XCConfigurationList section */
	};
	rootObject = FCCBFFCE27B671BC00A356A4 /* Project object */;
}
